
Microsoft Visual Studio Solution File, Format Version 12.00
# Visual Studio 16
Project("{2150E333-8FDC-42A3-9474-1A3956D46DE8}") = "Projects", "Projects", "{B63FEAB7-A20D-DEBD-8BA1-4EE4770EBA22}"
EndProject
Project("{8BC9CEB8-8B4A-11D0-8D11-00A0C91BC942}") = "Week4 Tutorial Starter", "projects\Week4 Tutorial Starter\Week4 Tutorial Starter.vcxproj", "{FE409113-EA3A-BA65-D3A7-5076BF4020D2}"
EndProject
Project("{8BC9CEB8-8B4A-11D0-8D11-00A0C91BC942}") = "Alg Demo", "projects\Alg Demo\Alg Demo.vcxproj", "{5E67A9E4-4A34-04F0-734D-F2975F79397E}"
EndProject
Project("{8BC9CEB8-8B4A-11D0-8D11-00A0C91BC942}") = "Alg Tutorial 3", "projects\Alg Tutorial 3\Alg Tutorial 3.vcxproj", "{400F8901-2CDD-7C07-1571-ED2D01DE586C}"
EndProject
Project("{8BC9CEB8-8B4A-11D0-8D11-00A0C91BC942}") = "Graphics Lecture 4", "projects\Graphics Lecture 4\Graphics Lecture 4.vcxproj", "{7EA3277A-6A87-E8CF-D3E7-E222BFEAD251}"
EndProject
Project("{8BC9CEB8-8B4A-11D0-8D11-00A0C91BC942}") = "Lecture 07 CG", "projects\Lecture 07 CG\Lecture 07 CG.vcxproj", "{CAA9ECD3-366A-680A-FFA4-B1876B24ADE6}"
EndProject
Project("{8BC9CEB8-8B4A-11D0-8D11-00A0C91BC942}") = "Lecture 07 Complete", "projects\Lecture 07 Complete\Lecture 07 Complete.vcxproj", "{59D2FE11-C533-DC1F-4EA1-22D2BA0113DF}"
EndProject
Project("{8BC9CEB8-8B4A-11D0-8D11-00A0C91BC942}") = "Lecture 3", "projects\Lecture 3\Lecture 3.vcxproj", "{6C63E898-D8CD-9C0F-210C-4EB58DB57A64}"
EndProject
Project("{8BC9CEB8-8B4A-11D0-8D11-00A0C91BC942}") = "Lecture 5 Comp Graphics", "projects\Lecture 5 Comp Graphics\Lecture 5 Comp Graphics.vcxproj", "{2ECE3813-9A05-81AA-A30F-E5CD0FC6A7A3}"
EndProject
Project("{8BC9CEB8-8B4A-11D0-8D11-00A0C91BC942}") = "Week 4 Tutorial Alg", "projects\Week 4 Tutorial Alg\Week 4 Tutorial Alg.vcxproj", "{0D0F73B0-7970-50BE-02DE-96706E3E877D}"
EndProject
Project("{8BC9CEB8-8B4A-11D0-8D11-00A0C91BC942}") = "Week 5 Particles", "projects\Week 5 Particles\Week 5 Particles.vcxproj", "{8D578761-7950-A6B3-A282-8B388EDA85BF}"
EndProject
Project("{8BC9CEB8-8B4A-11D0-8D11-00A0C91BC942}") = "Week 6 Animation", "projects\Week 6 Animation\Week 6 Animation.vcxproj", "{E780494D-D379-689F-FCAB-4D24E80348AB}"
EndProject
Project("{8BC9CEB8-8B4A-11D0-8D11-00A0C91BC942}") = "Week 7 Alg", "projects\Week 7 Alg\Week 7 Alg.vcxproj", "{1C2F893B-08E7-CA88-71EE-A3E45DC56579}"
EndProject
Project("{8BC9CEB8-8B4A-11D0-8D11-00A0C91BC942}") = "Week 7 CG tutorial", "projects\Week 7 CG tutorial\Week 7 CG tutorial.vcxproj", "{663675C4-521A-361A-BB7A-306DA77D209C}"
EndProject
Project("{8BC9CEB8-8B4A-11D0-8D11-00A0C91BC942}") = "Week3 Graphics Tutorial", "projects\Week3 Graphics Tutorial\Week3 Graphics Tutorial.vcxproj", "{09E9C5CA-7520-0E62-7E2A-7285EAE0345B}"
EndProject
Project("{2150E333-8FDC-42A3-9474-1A3956D46DE8}") = "Dependencies", "Dependencies", "{53E47842-3FC8-3998-A828-34EB942B241A}"
EndProject
Project("{8BC9CEB8-8B4A-11D0-8D11-00A0C91BC942}") = "GLFW", "dependencies\glfw3\GLFW.vcxproj", "{154B857C-0182-860D-AA6E-6C109684020F}"
EndProject
Project("{8BC9CEB8-8B4A-11D0-8D11-00A0C91BC942}") = "Glad", "dependencies\glad\Glad.vcxproj", "{BDD6857C-A90D-870D-52FA-6C103E10030F}"
EndProject
Project("{8BC9CEB8-8B4A-11D0-8D11-00A0C91BC942}") = "ImGui", "dependencies\imgui\ImGui.vcxproj", "{C0FF640D-2C14-8DBE-F595-301E616989EF}"
EndProject
Project("{8BC9CEB8-8B4A-11D0-8D11-00A0C91BC942}") = "Stbs", "dependencies\stbs\Stbs.vcxproj", "{818D8C7C-6DC4-8D0D-16B1-731002C7090F}"
EndProject
Project("{8BC9CEB8-8B4A-11D0-8D11-00A0C91BC942}") = "TinyGLTF", "dependencies\tinyGLTF\TinyGLTF.vcxproj", "{76563D9D-6223-98A8-8B3C-86507768CD36}"
EndProject
Project("{8BC9CEB8-8B4A-11D0-8D11-00A0C91BC942}") = "spdlog", "dependencies\spdlog\spdlog.vcxproj", "{8EAD431C-7A4F-6EF2-630A-82464F4BF542}"
EndProject
Project("{2150E333-8FDC-42A3-9474-1A3956D46DE8}") = "Modules", "Modules", "{65CB7E83-D18B-FAB9-9AC6-433706463F96}"
EndProject
Project("{8BC9CEB8-8B4A-11D0-8D11-00A0C91BC942}") = "FMODStudio", "modules\FMODStudio\FMODStudio.vcxproj", "{A386D97E-8F3E-1BCC-F845-F427E41CB6BC}"
EndProject
Project("{8BC9CEB8-8B4A-11D0-8D11-00A0C91BC942}") = "NOU", "modules\NOU\NOU.vcxproj", "{3709880B-A312-887C-2C8E-9E7C9896937C}"
EndProject
Project("{8BC9CEB8-8B4A-11D0-8D11-00A0C91BC942}") = "sampleModule", "modules\sampleModule\sampleModule.vcxproj", "{8D153653-7978-C5F7-22FE-FDAD0E40917A}"
EndProject
Project("{8BC9CEB8-8B4A-11D0-8D11-00A0C91BC942}") = "toolkit", "modules\toolkit\toolkit.vcxproj", "{AB7025F0-1750-A48B-2068-2F628CC60AED}"
EndProject
Project("{2150E333-8FDC-42A3-9474-1A3956D46DE8}") = "Samples - INFR-1350U", "Samples - INFR-1350U", "{0822A731-F431-5302-5DEB-B720491A429B}"
EndProject
Project("{8BC9CEB8-8B4A-11D0-8D11-00A0C91BC942}") = "Week3-Starter", "samples\INFR-1350U\Week3-Starter\Week3-Starter.vcxproj", "{F6637ACB-6224-F601-2B5F-3F7F97DE3ADE}"
EndProject
Project("{8BC9CEB8-8B4A-11D0-8D11-00A0C91BC942}") = "Week4-Starter", "samples\INFR-1350U\Week4-Starter\Week4-Starter.vcxproj", "{F7D4F63F-6395-7276-2CD0-BBF3984FB752}"
EndProject
Project("{8BC9CEB8-8B4A-11D0-8D11-00A0C91BC942}") = "Week5-Starter", "samples\INFR-1350U\Week5-Starter\Week5-Starter.vcxproj", "{F84573B4-6406-EFEA-2D41-386899C033C7}"
EndProject
Project("{2150E333-8FDC-42A3-9474-1A3956D46DE8}") = "Samples - INFR-2310", "Samples - INFR-2310", "{30C3A07D-9C85-D407-E535-63945137ADE5}"
EndProject
Project("{8BC9CEB8-8B4A-11D0-8D11-00A0C91BC942}") = "(Starter) W2 Tutorial - LERP", "samples\INFR-2310\(Starter) W2 Tutorial - LERP\(Starter) W2 Tutorial - LERP.vcxproj", "{D878589E-C433-484A-6DEB-C094598592DA}"
EndProject
Project("{8BC9CEB8-8B4A-11D0-8D11-00A0C91BC942}") = "(Starter) W3 Tutorial - Basic Systems", "samples\INFR-2310\(Starter) W3 Tutorial - Basic Systems\(Starter) W3 Tutorial - Basic Systems.vcxproj", "{60906E50-CC54-6D40-95BA-9D0A013E0976}"
EndProject
Project("{8BC9CEB8-8B4A-11D0-8D11-00A0C91BC942}") = "(Starter) W4 Tutorial - Paths", "samples\INFR-2310\(Starter) W4 Tutorial - Paths\(Starter) W4 Tutorial - Paths.vcxproj", "{E728EC45-5341-D36F-1CEE-620988C56709}"
EndProject
Project("{8BC9CEB8-8B4A-11D0-8D11-00A0C91BC942}") = "(Starter) W5 Tutorial - Particles", "samples\INFR-2310\(Starter) W5 Tutorial - Particles\(Starter) W5 Tutorial - Particles.vcxproj", "{6F2A4D34-DB98-A2B3-2482-5DB3902F984F}"
EndProject
Project("{8BC9CEB8-8B4A-11D0-8D11-00A0C91BC942}") = "(Starter) W6 Tutorial - Morphing", "samples\INFR-2310\(Starter) W6 Tutorial - Morphing\(Starter) W6 Tutorial - Morphing.vcxproj", "{4DD4BFB3-3925-ABF5-6289-99B74E393E5F}"
EndProject
Project("{8BC9CEB8-8B4A-11D0-8D11-00A0C91BC942}") = "(Starter) W7 Tutorial - Skeletal Animation", "samples\INFR-2310\(Starter) W7 Tutorial - Skeletal Animation\(Starter) W7 Tutorial - Skeletal Animation.vcxproj", "{9F898B82-8BF1-5150-F45C-6666E0E3683C}"
EndProject
Project("{8BC9CEB8-8B4A-11D0-8D11-00A0C91BC942}") = "NOU-Sample", "samples\INFR-2310\NOU-Sample\NOU-Sample.vcxproj", "{6678DA25-5230-1C73-BB37-F5CEA70EB763}"
EndProject
Project("{8BC9CEB8-8B4A-11D0-8D11-00A0C91BC942}") = "W2 Tutorial-LERP", "samples\INFR-2310\W2 Tutorial-LERP\W2 Tutorial-LERP.vcxproj", "{62D457B9-4ECD-760B-77FF-5B9063575617}"
EndProject
Project("{8BC9CEB8-8B4A-11D0-8D11-00A0C91BC942}") = "W3 Tutorial-Basic Systems", "samples\INFR-2310\W3 Tutorial-Basic Systems\W3 Tutorial-Basic Systems.vcxproj", "{EA4A5DC9-560D-9153-9FBD-1FE00BBF6931}"
EndProject
Project("{8BC9CEB8-8B4A-11D0-8D11-00A0C91BC942}") = "W4 Tutorial-Paths and Curves", "samples\INFR-2310\W4 Tutorial-Paths and Curves\W4 Tutorial-Paths and Curves.vcxproj", "{5C0C50D9-48C7-3F85-F17E-B8CFDD188A15}"
EndProject
Project("{8BC9CEB8-8B4A-11D0-8D11-00A0C91BC942}") = "W5 Tutorial-Particles", "samples\INFR-2310\W5 Tutorial-Particles\W5 Tutorial-Particles.vcxproj", "{79F7759A-E563-3195-AE57-C9F21A8353FD}"
EndProject
Project("{8BC9CEB8-8B4A-11D0-8D11-00A0C91BC942}") = "W6 Tutorial-Morphing", "samples\INFR-2310\W6 Tutorial-Morphing\W6 Tutorial-Morphing.vcxproj", "{D793EB2D-C322-75F7-6C41-89F258AF859D}"
EndProject
Global
	GlobalSection(SolutionConfigurationPlatforms) = preSolution
		Debug|x64 = Debug|x64
		Release|x64 = Release|x64
	EndGlobalSection
	GlobalSection(ProjectConfigurationPlatforms) = postSolution
		{FE409113-EA3A-BA65-D3A7-5076BF4020D2}.Debug|x64.ActiveCfg = Debug|x64
		{FE409113-EA3A-BA65-D3A7-5076BF4020D2}.Debug|x64.Build.0 = Debug|x64
		{FE409113-EA3A-BA65-D3A7-5076BF4020D2}.Release|x64.ActiveCfg = Release|x64
		{FE409113-EA3A-BA65-D3A7-5076BF4020D2}.Release|x64.Build.0 = Release|x64
		{5E67A9E4-4A34-04F0-734D-F2975F79397E}.Debug|x64.ActiveCfg = Debug|x64
		{5E67A9E4-4A34-04F0-734D-F2975F79397E}.Debug|x64.Build.0 = Debug|x64
		{5E67A9E4-4A34-04F0-734D-F2975F79397E}.Release|x64.ActiveCfg = Release|x64
		{5E67A9E4-4A34-04F0-734D-F2975F79397E}.Release|x64.Build.0 = Release|x64
		{400F8901-2CDD-7C07-1571-ED2D01DE586C}.Debug|x64.ActiveCfg = Debug|x64
		{400F8901-2CDD-7C07-1571-ED2D01DE586C}.Debug|x64.Build.0 = Debug|x64
		{400F8901-2CDD-7C07-1571-ED2D01DE586C}.Release|x64.ActiveCfg = Release|x64
		{400F8901-2CDD-7C07-1571-ED2D01DE586C}.Release|x64.Build.0 = Release|x64
		{7EA3277A-6A87-E8CF-D3E7-E222BFEAD251}.Debug|x64.ActiveCfg = Debug|x64
		{7EA3277A-6A87-E8CF-D3E7-E222BFEAD251}.Debug|x64.Build.0 = Debug|x64
		{7EA3277A-6A87-E8CF-D3E7-E222BFEAD251}.Release|x64.ActiveCfg = Release|x64
		{7EA3277A-6A87-E8CF-D3E7-E222BFEAD251}.Release|x64.Build.0 = Release|x64
		{CAA9ECD3-366A-680A-FFA4-B1876B24ADE6}.Debug|x64.ActiveCfg = Debug|x64
		{CAA9ECD3-366A-680A-FFA4-B1876B24ADE6}.Debug|x64.Build.0 = Debug|x64
		{CAA9ECD3-366A-680A-FFA4-B1876B24ADE6}.Release|x64.ActiveCfg = Release|x64
		{CAA9ECD3-366A-680A-FFA4-B1876B24ADE6}.Release|x64.Build.0 = Release|x64
		{59D2FE11-C533-DC1F-4EA1-22D2BA0113DF}.Debug|x64.ActiveCfg = Debug|x64
		{59D2FE11-C533-DC1F-4EA1-22D2BA0113DF}.Debug|x64.Build.0 = Debug|x64
		{59D2FE11-C533-DC1F-4EA1-22D2BA0113DF}.Release|x64.ActiveCfg = Release|x64
		{59D2FE11-C533-DC1F-4EA1-22D2BA0113DF}.Release|x64.Build.0 = Release|x64
		{6C63E898-D8CD-9C0F-210C-4EB58DB57A64}.Debug|x64.ActiveCfg = Debug|x64
		{6C63E898-D8CD-9C0F-210C-4EB58DB57A64}.Debug|x64.Build.0 = Debug|x64
		{6C63E898-D8CD-9C0F-210C-4EB58DB57A64}.Release|x64.ActiveCfg = Release|x64
		{6C63E898-D8CD-9C0F-210C-4EB58DB57A64}.Release|x64.Build.0 = Release|x64
		{2ECE3813-9A05-81AA-A30F-E5CD0FC6A7A3}.Debug|x64.ActiveCfg = Debug|x64
		{2ECE3813-9A05-81AA-A30F-E5CD0FC6A7A3}.Debug|x64.Build.0 = Debug|x64
		{2ECE3813-9A05-81AA-A30F-E5CD0FC6A7A3}.Release|x64.ActiveCfg = Release|x64
		{2ECE3813-9A05-81AA-A30F-E5CD0FC6A7A3}.Release|x64.Build.0 = Release|x64
		{0D0F73B0-7970-50BE-02DE-96706E3E877D}.Debug|x64.ActiveCfg = Debug|x64
		{0D0F73B0-7970-50BE-02DE-96706E3E877D}.Debug|x64.Build.0 = Debug|x64
		{0D0F73B0-7970-50BE-02DE-96706E3E877D}.Release|x64.ActiveCfg = Release|x64
		{0D0F73B0-7970-50BE-02DE-96706E3E877D}.Release|x64.Build.0 = Release|x64
		{8D578761-7950-A6B3-A282-8B388EDA85BF}.Debug|x64.ActiveCfg = Debug|x64
		{8D578761-7950-A6B3-A282-8B388EDA85BF}.Debug|x64.Build.0 = Debug|x64
		{8D578761-7950-A6B3-A282-8B388EDA85BF}.Release|x64.ActiveCfg = Release|x64
		{8D578761-7950-A6B3-A282-8B388EDA85BF}.Release|x64.Build.0 = Release|x64
		{E780494D-D379-689F-FCAB-4D24E80348AB}.Debug|x64.ActiveCfg = Debug|x64
		{E780494D-D379-689F-FCAB-4D24E80348AB}.Debug|x64.Build.0 = Debug|x64
		{E780494D-D379-689F-FCAB-4D24E80348AB}.Release|x64.ActiveCfg = Release|x64
		{E780494D-D379-689F-FCAB-4D24E80348AB}.Release|x64.Build.0 = Release|x64
		{1C2F893B-08E7-CA88-71EE-A3E45DC56579}.Debug|x64.ActiveCfg = Debug|x64
		{1C2F893B-08E7-CA88-71EE-A3E45DC56579}.Debug|x64.Build.0 = Debug|x64
		{1C2F893B-08E7-CA88-71EE-A3E45DC56579}.Release|x64.ActiveCfg = Release|x64
		{1C2F893B-08E7-CA88-71EE-A3E45DC56579}.Release|x64.Build.0 = Release|x64
		{663675C4-521A-361A-BB7A-306DA77D209C}.Debug|x64.ActiveCfg = Debug|x64
		{663675C4-521A-361A-BB7A-306DA77D209C}.Debug|x64.Build.0 = Debug|x64
		{663675C4-521A-361A-BB7A-306DA77D209C}.Release|x64.ActiveCfg = Release|x64
		{663675C4-521A-361A-BB7A-306DA77D209C}.Release|x64.Build.0 = Release|x64
		{09E9C5CA-7520-0E62-7E2A-7285EAE0345B}.Debug|x64.ActiveCfg = Debug|x64
		{09E9C5CA-7520-0E62-7E2A-7285EAE0345B}.Debug|x64.Build.0 = Debug|x64
		{09E9C5CA-7520-0E62-7E2A-7285EAE0345B}.Release|x64.ActiveCfg = Release|x64
		{09E9C5CA-7520-0E62-7E2A-7285EAE0345B}.Release|x64.Build.0 = Release|x64
		{154B857C-0182-860D-AA6E-6C109684020F}.Debug|x64.ActiveCfg = Debug|x64
		{154B857C-0182-860D-AA6E-6C109684020F}.Debug|x64.Build.0 = Debug|x64
		{154B857C-0182-860D-AA6E-6C109684020F}.Release|x64.ActiveCfg = Release|x64
		{154B857C-0182-860D-AA6E-6C109684020F}.Release|x64.Build.0 = Release|x64
		{BDD6857C-A90D-870D-52FA-6C103E10030F}.Debug|x64.ActiveCfg = Debug|x64
		{BDD6857C-A90D-870D-52FA-6C103E10030F}.Debug|x64.Build.0 = Debug|x64
		{BDD6857C-A90D-870D-52FA-6C103E10030F}.Release|x64.ActiveCfg = Release|x64
		{BDD6857C-A90D-870D-52FA-6C103E10030F}.Release|x64.Build.0 = Release|x64
		{C0FF640D-2C14-8DBE-F595-301E616989EF}.Debug|x64.ActiveCfg = Debug|x64
		{C0FF640D-2C14-8DBE-F595-301E616989EF}.Debug|x64.Build.0 = Debug|x64
		{C0FF640D-2C14-8DBE-F595-301E616989EF}.Release|x64.ActiveCfg = Release|x64
		{C0FF640D-2C14-8DBE-F595-301E616989EF}.Release|x64.Build.0 = Release|x64
		{818D8C7C-6DC4-8D0D-16B1-731002C7090F}.Debug|x64.ActiveCfg = Debug|x64
		{818D8C7C-6DC4-8D0D-16B1-731002C7090F}.Debug|x64.Build.0 = Debug|x64
		{818D8C7C-6DC4-8D0D-16B1-731002C7090F}.Release|x64.ActiveCfg = Release|x64
		{818D8C7C-6DC4-8D0D-16B1-731002C7090F}.Release|x64.Build.0 = Release|x64
		{76563D9D-6223-98A8-8B3C-86507768CD36}.Debug|x64.ActiveCfg = Debug|x64
		{76563D9D-6223-98A8-8B3C-86507768CD36}.Debug|x64.Build.0 = Debug|x64
		{76563D9D-6223-98A8-8B3C-86507768CD36}.Release|x64.ActiveCfg = Release|x64
		{76563D9D-6223-98A8-8B3C-86507768CD36}.Release|x64.Build.0 = Release|x64
		{8EAD431C-7A4F-6EF2-630A-82464F4BF542}.Debug|x64.ActiveCfg = Debug|x64
		{8EAD431C-7A4F-6EF2-630A-82464F4BF542}.Debug|x64.Build.0 = Debug|x64
		{8EAD431C-7A4F-6EF2-630A-82464F4BF542}.Release|x64.ActiveCfg = Release|x64
		{8EAD431C-7A4F-6EF2-630A-82464F4BF542}.Release|x64.Build.0 = Release|x64
		{A386D97E-8F3E-1BCC-F845-F427E41CB6BC}.Debug|x64.ActiveCfg = Debug|x64
		{A386D97E-8F3E-1BCC-F845-F427E41CB6BC}.Debug|x64.Build.0 = Debug|x64
		{A386D97E-8F3E-1BCC-F845-F427E41CB6BC}.Release|x64.ActiveCfg = Release|x64
		{A386D97E-8F3E-1BCC-F845-F427E41CB6BC}.Release|x64.Build.0 = Release|x64
		{3709880B-A312-887C-2C8E-9E7C9896937C}.Debug|x64.ActiveCfg = Debug|x64
		{3709880B-A312-887C-2C8E-9E7C9896937C}.Debug|x64.Build.0 = Debug|x64
		{3709880B-A312-887C-2C8E-9E7C9896937C}.Release|x64.ActiveCfg = Release|x64
		{3709880B-A312-887C-2C8E-9E7C9896937C}.Release|x64.Build.0 = Release|x64
		{8D153653-7978-C5F7-22FE-FDAD0E40917A}.Debug|x64.ActiveCfg = Debug|x64
		{8D153653-7978-C5F7-22FE-FDAD0E40917A}.Debug|x64.Build.0 = Debug|x64
		{8D153653-7978-C5F7-22FE-FDAD0E40917A}.Release|x64.ActiveCfg = Release|x64
		{8D153653-7978-C5F7-22FE-FDAD0E40917A}.Release|x64.Build.0 = Release|x64
		{AB7025F0-1750-A48B-2068-2F628CC60AED}.Debug|x64.ActiveCfg = Debug|x64
		{AB7025F0-1750-A48B-2068-2F628CC60AED}.Debug|x64.Build.0 = Debug|x64
		{AB7025F0-1750-A48B-2068-2F628CC60AED}.Release|x64.ActiveCfg = Release|x64
		{AB7025F0-1750-A48B-2068-2F628CC60AED}.Release|x64.Build.0 = Release|x64
		{F6637ACB-6224-F601-2B5F-3F7F97DE3ADE}.Debug|x64.ActiveCfg = Debug|x64
		{F6637ACB-6224-F601-2B5F-3F7F97DE3ADE}.Debug|x64.Build.0 = Debug|x64
		{F6637ACB-6224-F601-2B5F-3F7F97DE3ADE}.Release|x64.ActiveCfg = Release|x64
		{F6637ACB-6224-F601-2B5F-3F7F97DE3ADE}.Release|x64.Build.0 = Release|x64
		{F7D4F63F-6395-7276-2CD0-BBF3984FB752}.Debug|x64.ActiveCfg = Debug|x64
		{F7D4F63F-6395-7276-2CD0-BBF3984FB752}.Debug|x64.Build.0 = Debug|x64
		{F7D4F63F-6395-7276-2CD0-BBF3984FB752}.Release|x64.ActiveCfg = Release|x64
		{F7D4F63F-6395-7276-2CD0-BBF3984FB752}.Release|x64.Build.0 = Release|x64
		{F84573B4-6406-EFEA-2D41-386899C033C7}.Debug|x64.ActiveCfg = Debug|x64
		{F84573B4-6406-EFEA-2D41-386899C033C7}.Debug|x64.Build.0 = Debug|x64
		{F84573B4-6406-EFEA-2D41-386899C033C7}.Release|x64.ActiveCfg = Release|x64
		{F84573B4-6406-EFEA-2D41-386899C033C7}.Release|x64.Build.0 = Release|x64
		{D878589E-C433-484A-6DEB-C094598592DA}.Debug|x64.ActiveCfg = Debug|x64
		{D878589E-C433-484A-6DEB-C094598592DA}.Debug|x64.Build.0 = Debug|x64
		{D878589E-C433-484A-6DEB-C094598592DA}.Release|x64.ActiveCfg = Release|x64
		{D878589E-C433-484A-6DEB-C094598592DA}.Release|x64.Build.0 = Release|x64
		{60906E50-CC54-6D40-95BA-9D0A013E0976}.Debug|x64.ActiveCfg = Debug|x64
		{60906E50-CC54-6D40-95BA-9D0A013E0976}.Debug|x64.Build.0 = Debug|x64
		{60906E50-CC54-6D40-95BA-9D0A013E0976}.Release|x64.ActiveCfg = Release|x64
		{60906E50-CC54-6D40-95BA-9D0A013E0976}.Release|x64.Build.0 = Release|x64
		{E728EC45-5341-D36F-1CEE-620988C56709}.Debug|x64.ActiveCfg = Debug|x64
		{E728EC45-5341-D36F-1CEE-620988C56709}.Debug|x64.Build.0 = Debug|x64
		{E728EC45-5341-D36F-1CEE-620988C56709}.Release|x64.ActiveCfg = Release|x64
		{E728EC45-5341-D36F-1CEE-620988C56709}.Release|x64.Build.0 = Release|x64
		{6F2A4D34-DB98-A2B3-2482-5DB3902F984F}.Debug|x64.ActiveCfg = Debug|x64
		{6F2A4D34-DB98-A2B3-2482-5DB3902F984F}.Debug|x64.Build.0 = Debug|x64
		{6F2A4D34-DB98-A2B3-2482-5DB3902F984F}.Release|x64.ActiveCfg = Release|x64
		{6F2A4D34-DB98-A2B3-2482-5DB3902F984F}.Release|x64.Build.0 = Release|x64
		{4DD4BFB3-3925-ABF5-6289-99B74E393E5F}.Debug|x64.ActiveCfg = Debug|x64
		{4DD4BFB3-3925-ABF5-6289-99B74E393E5F}.Debug|x64.Build.0 = Debug|x64
		{4DD4BFB3-3925-ABF5-6289-99B74E393E5F}.Release|x64.ActiveCfg = Release|x64
		{4DD4BFB3-3925-ABF5-6289-99B74E393E5F}.Release|x64.Build.0 = Release|x64
		{9F898B82-8BF1-5150-F45C-6666E0E3683C}.Debug|x64.ActiveCfg = Debug|x64
		{9F898B82-8BF1-5150-F45C-6666E0E3683C}.Debug|x64.Build.0 = Debug|x64
		{9F898B82-8BF1-5150-F45C-6666E0E3683C}.Release|x64.ActiveCfg = Release|x64
		{9F898B82-8BF1-5150-F45C-6666E0E3683C}.Release|x64.Build.0 = Release|x64
		{6678DA25-5230-1C73-BB37-F5CEA70EB763}.Debug|x64.ActiveCfg = Debug|x64
		{6678DA25-5230-1C73-BB37-F5CEA70EB763}.Debug|x64.Build.0 = Debug|x64
		{6678DA25-5230-1C73-BB37-F5CEA70EB763}.Release|x64.ActiveCfg = Release|x64
		{6678DA25-5230-1C73-BB37-F5CEA70EB763}.Release|x64.Build.0 = Release|x64
		{62D457B9-4ECD-760B-77FF-5B9063575617}.Debug|x64.ActiveCfg = Debug|x64
		{62D457B9-4ECD-760B-77FF-5B9063575617}.Debug|x64.Build.0 = Debug|x64
		{62D457B9-4ECD-760B-77FF-5B9063575617}.Release|x64.ActiveCfg = Release|x64
		{62D457B9-4ECD-760B-77FF-5B9063575617}.Release|x64.Build.0 = Release|x64
		{EA4A5DC9-560D-9153-9FBD-1FE00BBF6931}.Debug|x64.ActiveCfg = Debug|x64
		{EA4A5DC9-560D-9153-9FBD-1FE00BBF6931}.Debug|x64.Build.0 = Debug|x64
		{EA4A5DC9-560D-9153-9FBD-1FE00BBF6931}.Release|x64.ActiveCfg = Release|x64
		{EA4A5DC9-560D-9153-9FBD-1FE00BBF6931}.Release|x64.Build.0 = Release|x64
		{5C0C50D9-48C7-3F85-F17E-B8CFDD188A15}.Debug|x64.ActiveCfg = Debug|x64
		{5C0C50D9-48C7-3F85-F17E-B8CFDD188A15}.Debug|x64.Build.0 = Debug|x64
		{5C0C50D9-48C7-3F85-F17E-B8CFDD188A15}.Release|x64.ActiveCfg = Release|x64
		{5C0C50D9-48C7-3F85-F17E-B8CFDD188A15}.Release|x64.Build.0 = Release|x64
		{79F7759A-E563-3195-AE57-C9F21A8353FD}.Debug|x64.ActiveCfg = Debug|x64
		{79F7759A-E563-3195-AE57-C9F21A8353FD}.Debug|x64.Build.0 = Debug|x64
		{79F7759A-E563-3195-AE57-C9F21A8353FD}.Release|x64.ActiveCfg = Release|x64
		{79F7759A-E563-3195-AE57-C9F21A8353FD}.Release|x64.Build.0 = Release|x64
		{D793EB2D-C322-75F7-6C41-89F258AF859D}.Debug|x64.ActiveCfg = Debug|x64
		{D793EB2D-C322-75F7-6C41-89F258AF859D}.Debug|x64.Build.0 = Debug|x64
		{D793EB2D-C322-75F7-6C41-89F258AF859D}.Release|x64.ActiveCfg = Release|x64
		{D793EB2D-C322-75F7-6C41-89F258AF859D}.Release|x64.Build.0 = Release|x64
	EndGlobalSection
	GlobalSection(SolutionProperties) = preSolution
		HideSolutionNode = FALSE
	EndGlobalSection
	GlobalSection(NestedProjects) = preSolution
		{FE409113-EA3A-BA65-D3A7-5076BF4020D2} = {B63FEAB7-A20D-DEBD-8BA1-4EE4770EBA22}
		{5E67A9E4-4A34-04F0-734D-F2975F79397E} = {B63FEAB7-A20D-DEBD-8BA1-4EE4770EBA22}
		{400F8901-2CDD-7C07-1571-ED2D01DE586C} = {B63FEAB7-A20D-DEBD-8BA1-4EE4770EBA22}
		{7EA3277A-6A87-E8CF-D3E7-E222BFEAD251} = {B63FEAB7-A20D-DEBD-8BA1-4EE4770EBA22}
		{CAA9ECD3-366A-680A-FFA4-B1876B24ADE6} = {B63FEAB7-A20D-DEBD-8BA1-4EE4770EBA22}
		{59D2FE11-C533-DC1F-4EA1-22D2BA0113DF} = {B63FEAB7-A20D-DEBD-8BA1-4EE4770EBA22}
		{6C63E898-D8CD-9C0F-210C-4EB58DB57A64} = {B63FEAB7-A20D-DEBD-8BA1-4EE4770EBA22}
		{2ECE3813-9A05-81AA-A30F-E5CD0FC6A7A3} = {B63FEAB7-A20D-DEBD-8BA1-4EE4770EBA22}
		{0D0F73B0-7970-50BE-02DE-96706E3E877D} = {B63FEAB7-A20D-DEBD-8BA1-4EE4770EBA22}
		{8D578761-7950-A6B3-A282-8B388EDA85BF} = {B63FEAB7-A20D-DEBD-8BA1-4EE4770EBA22}
		{E780494D-D379-689F-FCAB-4D24E80348AB} = {B63FEAB7-A20D-DEBD-8BA1-4EE4770EBA22}
		{1C2F893B-08E7-CA88-71EE-A3E45DC56579} = {B63FEAB7-A20D-DEBD-8BA1-4EE4770EBA22}
		{663675C4-521A-361A-BB7A-306DA77D209C} = {B63FEAB7-A20D-DEBD-8BA1-4EE4770EBA22}
		{09E9C5CA-7520-0E62-7E2A-7285EAE0345B} = {B63FEAB7-A20D-DEBD-8BA1-4EE4770EBA22}
		{154B857C-0182-860D-AA6E-6C109684020F} = {53E47842-3FC8-3998-A828-34EB942B241A}
		{BDD6857C-A90D-870D-52FA-6C103E10030F} = {53E47842-3FC8-3998-A828-34EB942B241A}
		{C0FF640D-2C14-8DBE-F595-301E616989EF} = {53E47842-3FC8-3998-A828-34EB942B241A}
		{818D8C7C-6DC4-8D0D-16B1-731002C7090F} = {53E47842-3FC8-3998-A828-34EB942B241A}
		{76563D9D-6223-98A8-8B3C-86507768CD36} = {53E47842-3FC8-3998-A828-34EB942B241A}
		{8EAD431C-7A4F-6EF2-630A-82464F4BF542} = {53E47842-3FC8-3998-A828-34EB942B241A}
		{A386D97E-8F3E-1BCC-F845-F427E41CB6BC} = {65CB7E83-D18B-FAB9-9AC6-433706463F96}
		{3709880B-A312-887C-2C8E-9E7C9896937C} = {65CB7E83-D18B-FAB9-9AC6-433706463F96}
		{8D153653-7978-C5F7-22FE-FDAD0E40917A} = {65CB7E83-D18B-FAB9-9AC6-433706463F96}
		{AB7025F0-1750-A48B-2068-2F628CC60AED} = {65CB7E83-D18B-FAB9-9AC6-433706463F96}
		{F6637ACB-6224-F601-2B5F-3F7F97DE3ADE} = {0822A731-F431-5302-5DEB-B720491A429B}
		{F7D4F63F-6395-7276-2CD0-BBF3984FB752} = {0822A731-F431-5302-5DEB-B720491A429B}
		{F84573B4-6406-EFEA-2D41-386899C033C7} = {0822A731-F431-5302-5DEB-B720491A429B}
		{D878589E-C433-484A-6DEB-C094598592DA} = {30C3A07D-9C85-D407-E535-63945137ADE5}
		{60906E50-CC54-6D40-95BA-9D0A013E0976} = {30C3A07D-9C85-D407-E535-63945137ADE5}
		{E728EC45-5341-D36F-1CEE-620988C56709} = {30C3A07D-9C85-D407-E535-63945137ADE5}
		{6F2A4D34-DB98-A2B3-2482-5DB3902F984F} = {30C3A07D-9C85-D407-E535-63945137ADE5}
		{4DD4BFB3-3925-ABF5-6289-99B74E393E5F} = {30C3A07D-9C85-D407-E535-63945137ADE5}
		{9F898B82-8BF1-5150-F45C-6666E0E3683C} = {30C3A07D-9C85-D407-E535-63945137ADE5}
		{6678DA25-5230-1C73-BB37-F5CEA70EB763} = {30C3A07D-9C85-D407-E535-63945137ADE5}
		{62D457B9-4ECD-760B-77FF-5B9063575617} = {30C3A07D-9C85-D407-E535-63945137ADE5}
		{EA4A5DC9-560D-9153-9FBD-1FE00BBF6931} = {30C3A07D-9C85-D407-E535-63945137ADE5}
		{5C0C50D9-48C7-3F85-F17E-B8CFDD188A15} = {30C3A07D-9C85-D407-E535-63945137ADE5}
		{79F7759A-E563-3195-AE57-C9F21A8353FD} = {30C3A07D-9C85-D407-E535-63945137ADE5}
		{D793EB2D-C322-75F7-6C41-89F258AF859D} = {30C3A07D-9C85-D407-E535-63945137ADE5}
	EndGlobalSection
EndGlobal
